
Microsoft Visual Studio Solution File, Format Version 12.00
# Visual Studio Version 17
VisualStudioVersion = 17.6.33829.357
MinimumVisualStudioVersion = 10.0.40219.1
Project("{FAE04EC0-301F-11D3-BF4B-00C04F79EFBC}") = "lockitPuller", "lockitPuller.csproj", "{8A69E084-AA3C-40A5-9365-B096376CE0CB}"
EndProject
Global
	GlobalSection(SolutionConfigurationPlatforms) = preSolution
		Debug|Any CPU = Debug|Any CPU
		Release|Any CPU = Release|Any CPU
	EndGlobalSection
	GlobalSection(ProjectConfigurationPlatforms) = postSolution
		{8A69E084-AA3C-40A5-9365-B096376CE0CB}.Debug|Any CPU.ActiveCfg = Debug|Any CPU
		{8A69E084-AA3C-40A5-9365-B096376CE0CB}.Debug|Any CPU.Build.0 = Debug|Any CPU
		{8A69E084-AA3C-40A5-9365-B096376CE0CB}.Release|Any CPU.ActiveCfg = Release|Any CPU
		{8A69E084-AA3C-40A5-9365-B096376CE0CB}.Release|Any CPU.Build.0 = Release|Any CPU
	EndGlobalSection
	GlobalSection(SolutionProperties) = preSolution
		HideSolutionNode = FALSE
	EndGlobalSection
	GlobalSection(ExtensibilityGlobals) = postSolution
		SolutionGuid = {66F3DA39-476B-4FAC-9B9B-6E3D40170047}
	EndGlobalSection
EndGlobal
